
Microsoft Visual Studio Solution File, Format Version 12.00
Project("{FAE04EC0-301F-11D3-BF4B-00C04F79EFBC}") = "Prevly.Domain", "Prevly.Domain\Prevly.Domain.csproj", "{65C00F32-0767-4BAB-B60D-2012D0EFBCA7}"
EndProject
Project("{FAE04EC0-301F-11D3-BF4B-00C04F79EFBC}") = "Prevly.Infrastructure", "Prevly.Infrastructure\Prevly.Infrastructure.csproj", "{E6AC0641-D27F-450D-88D7-8D01C705BD3A}"
EndProject
Project("{FAE04EC0-301F-11D3-BF4B-00C04F79EFBC}") = "Prevly.Api", "Prevly.Api\Prevly.Api.csproj", "{584A683F-7990-49DC-AA70-DC40E30F6CE7}"
EndProject
Project("{FAE04EC0-301F-11D3-BF4B-00C04F79EFBC}") = "Provly.Shared", "Provly.Shared\Provly.Shared.csproj", "{11199215-CA89-4D32-BDE3-B7C9A3B9B14F}"
EndProject
Project("{FAE04EC0-301F-11D3-BF4B-00C04F79EFBC}") = "Prevly.Application", "Prevly.Application\Prevly.Application.csproj", "{4181EC33-E0B0-4887-B2FF-DF191A3AEAF0}"
EndProject
Project("{FAE04EC0-301F-11D3-BF4B-00C04F79EFBC}") = "Prevly.Test", "Prevly.Test\Prevly.Test.csproj", "{683D1D6C-4185-448A-B64A-C0F3339218BE}"
EndProject
Project("{FAE04EC0-301F-11D3-BF4B-00C04F79EFBC}") = "Prevly.WorkerService", "Prevly.WorkerService\Prevly.WorkerService.csproj", "{97916A0A-9C3A-4740-87FB-8C7E766ED968}"
EndProject
Global
	GlobalSection(SolutionConfigurationPlatforms) = preSolution
		Debug|Any CPU = Debug|Any CPU
		Debug|x64 = Debug|x64
		Debug|x86 = Debug|x86
		Release|Any CPU = Release|Any CPU
		Release|x64 = Release|x64
		Release|x86 = Release|x86
	EndGlobalSection
	GlobalSection(ProjectConfigurationPlatforms) = postSolution
		{65C00F32-0767-4BAB-B60D-2012D0EFBCA7}.Debug|Any CPU.ActiveCfg = Debug|Any CPU
		{65C00F32-0767-4BAB-B60D-2012D0EFBCA7}.Debug|Any CPU.Build.0 = Debug|Any CPU
		{65C00F32-0767-4BAB-B60D-2012D0EFBCA7}.Debug|x64.ActiveCfg = Debug|Any CPU
		{65C00F32-0767-4BAB-B60D-2012D0EFBCA7}.Debug|x64.Build.0 = Debug|Any CPU
		{65C00F32-0767-4BAB-B60D-2012D0EFBCA7}.Debug|x86.ActiveCfg = Debug|Any CPU
		{65C00F32-0767-4BAB-B60D-2012D0EFBCA7}.Debug|x86.Build.0 = Debug|Any CPU
		{65C00F32-0767-4BAB-B60D-2012D0EFBCA7}.Release|Any CPU.ActiveCfg = Release|Any CPU
		{65C00F32-0767-4BAB-B60D-2012D0EFBCA7}.Release|Any CPU.Build.0 = Release|Any CPU
		{65C00F32-0767-4BAB-B60D-2012D0EFBCA7}.Release|x64.ActiveCfg = Release|Any CPU
		{65C00F32-0767-4BAB-B60D-2012D0EFBCA7}.Release|x64.Build.0 = Release|Any CPU
		{65C00F32-0767-4BAB-B60D-2012D0EFBCA7}.Release|x86.ActiveCfg = Release|Any CPU
		{65C00F32-0767-4BAB-B60D-2012D0EFBCA7}.Release|x86.Build.0 = Release|Any CPU
		{E6AC0641-D27F-450D-88D7-8D01C705BD3A}.Debug|Any CPU.ActiveCfg = Debug|Any CPU
		{E6AC0641-D27F-450D-88D7-8D01C705BD3A}.Debug|Any CPU.Build.0 = Debug|Any CPU
		{E6AC0641-D27F-450D-88D7-8D01C705BD3A}.Debug|x64.ActiveCfg = Debug|Any CPU
		{E6AC0641-D27F-450D-88D7-8D01C705BD3A}.Debug|x64.Build.0 = Debug|Any CPU
		{E6AC0641-D27F-450D-88D7-8D01C705BD3A}.Debug|x86.ActiveCfg = Debug|Any CPU
		{E6AC0641-D27F-450D-88D7-8D01C705BD3A}.Debug|x86.Build.0 = Debug|Any CPU
		{E6AC0641-D27F-450D-88D7-8D01C705BD3A}.Release|Any CPU.ActiveCfg = Release|Any CPU
		{E6AC0641-D27F-450D-88D7-8D01C705BD3A}.Release|Any CPU.Build.0 = Release|Any CPU
		{E6AC0641-D27F-450D-88D7-8D01C705BD3A}.Release|x64.ActiveCfg = Release|Any CPU
		{E6AC0641-D27F-450D-88D7-8D01C705BD3A}.Release|x64.Build.0 = Release|Any CPU
		{E6AC0641-D27F-450D-88D7-8D01C705BD3A}.Release|x86.ActiveCfg = Release|Any CPU
		{E6AC0641-D27F-450D-88D7-8D01C705BD3A}.Release|x86.Build.0 = Release|Any CPU
		{584A683F-7990-49DC-AA70-DC40E30F6CE7}.Debug|Any CPU.ActiveCfg = Debug|Any CPU
		{584A683F-7990-49DC-AA70-DC40E30F6CE7}.Debug|Any CPU.Build.0 = Debug|Any CPU
		{584A683F-7990-49DC-AA70-DC40E30F6CE7}.Debug|x64.ActiveCfg = Debug|Any CPU
		{584A683F-7990-49DC-AA70-DC40E30F6CE7}.Debug|x64.Build.0 = Debug|Any CPU
		{584A683F-7990-49DC-AA70-DC40E30F6CE7}.Debug|x86.ActiveCfg = Debug|Any CPU
		{584A683F-7990-49DC-AA70-DC40E30F6CE7}.Debug|x86.Build.0 = Debug|Any CPU
		{584A683F-7990-49DC-AA70-DC40E30F6CE7}.Release|Any CPU.ActiveCfg = Release|Any CPU
		{584A683F-7990-49DC-AA70-DC40E30F6CE7}.Release|Any CPU.Build.0 = Release|Any CPU
		{584A683F-7990-49DC-AA70-DC40E30F6CE7}.Release|x64.ActiveCfg = Release|Any CPU
		{584A683F-7990-49DC-AA70-DC40E30F6CE7}.Release|x64.Build.0 = Release|Any CPU
		{584A683F-7990-49DC-AA70-DC40E30F6CE7}.Release|x86.ActiveCfg = Release|Any CPU
		{584A683F-7990-49DC-AA70-DC40E30F6CE7}.Release|x86.Build.0 = Release|Any CPU
		{11199215-CA89-4D32-BDE3-B7C9A3B9B14F}.Debug|Any CPU.ActiveCfg = Debug|Any CPU
		{11199215-CA89-4D32-BDE3-B7C9A3B9B14F}.Debug|Any CPU.Build.0 = Debug|Any CPU
		{11199215-CA89-4D32-BDE3-B7C9A3B9B14F}.Debug|x64.ActiveCfg = Debug|Any CPU
		{11199215-CA89-4D32-BDE3-B7C9A3B9B14F}.Debug|x64.Build.0 = Debug|Any CPU
		{11199215-CA89-4D32-BDE3-B7C9A3B9B14F}.Debug|x86.ActiveCfg = Debug|Any CPU
		{11199215-CA89-4D32-BDE3-B7C9A3B9B14F}.Debug|x86.Build.0 = Debug|Any CPU
		{11199215-CA89-4D32-BDE3-B7C9A3B9B14F}.Release|Any CPU.ActiveCfg = Release|Any CPU
		{11199215-CA89-4D32-BDE3-B7C9A3B9B14F}.Release|Any CPU.Build.0 = Release|Any CPU
		{11199215-CA89-4D32-BDE3-B7C9A3B9B14F}.Release|x64.ActiveCfg = Release|Any CPU
		{11199215-CA89-4D32-BDE3-B7C9A3B9B14F}.Release|x64.Build.0 = Release|Any CPU
		{11199215-CA89-4D32-BDE3-B7C9A3B9B14F}.Release|x86.ActiveCfg = Release|Any CPU
		{11199215-CA89-4D32-BDE3-B7C9A3B9B14F}.Release|x86.Build.0 = Release|Any CPU
		{4181EC33-E0B0-4887-B2FF-DF191A3AEAF0}.Debug|Any CPU.ActiveCfg = Debug|Any CPU
		{4181EC33-E0B0-4887-B2FF-DF191A3AEAF0}.Debug|Any CPU.Build.0 = Debug|Any CPU
		{4181EC33-E0B0-4887-B2FF-DF191A3AEAF0}.Debug|x64.ActiveCfg = Debug|Any CPU
		{4181EC33-E0B0-4887-B2FF-DF191A3AEAF0}.Debug|x64.Build.0 = Debug|Any CPU
		{4181EC33-E0B0-4887-B2FF-DF191A3AEAF0}.Debug|x86.ActiveCfg = Debug|Any CPU
		{4181EC33-E0B0-4887-B2FF-DF191A3AEAF0}.Debug|x86.Build.0 = Debug|Any CPU
		{4181EC33-E0B0-4887-B2FF-DF191A3AEAF0}.Release|Any CPU.ActiveCfg = Release|Any CPU
		{4181EC33-E0B0-4887-B2FF-DF191A3AEAF0}.Release|Any CPU.Build.0 = Release|Any CPU
		{4181EC33-E0B0-4887-B2FF-DF191A3AEAF0}.Release|x64.ActiveCfg = Release|Any CPU
		{4181EC33-E0B0-4887-B2FF-DF191A3AEAF0}.Release|x64.Build.0 = Release|Any CPU
		{4181EC33-E0B0-4887-B2FF-DF191A3AEAF0}.Release|x86.ActiveCfg = Release|Any CPU
		{4181EC33-E0B0-4887-B2FF-DF191A3AEAF0}.Release|x86.Build.0 = Release|Any CPU
		{683D1D6C-4185-448A-B64A-C0F3339218BE}.Debug|Any CPU.ActiveCfg = Debug|Any CPU
		{683D1D6C-4185-448A-B64A-C0F3339218BE}.Debug|Any CPU.Build.0 = Debug|Any CPU
		{683D1D6C-4185-448A-B64A-C0F3339218BE}.Debug|x64.ActiveCfg = Debug|Any CPU
		{683D1D6C-4185-448A-B64A-C0F3339218BE}.Debug|x64.Build.0 = Debug|Any CPU
		{683D1D6C-4185-448A-B64A-C0F3339218BE}.Debug|x86.ActiveCfg = Debug|Any CPU
		{683D1D6C-4185-448A-B64A-C0F3339218BE}.Debug|x86.Build.0 = Debug|Any CPU
		{683D1D6C-4185-448A-B64A-C0F3339218BE}.Release|Any CPU.ActiveCfg = Release|Any CPU
		{683D1D6C-4185-448A-B64A-C0F3339218BE}.Release|Any CPU.Build.0 = Release|Any CPU
		{683D1D6C-4185-448A-B64A-C0F3339218BE}.Release|x64.ActiveCfg = Release|Any CPU
		{683D1D6C-4185-448A-B64A-C0F3339218BE}.Release|x64.Build.0 = Release|Any CPU
		{683D1D6C-4185-448A-B64A-C0F3339218BE}.Release|x86.ActiveCfg = Release|Any CPU
		{683D1D6C-4185-448A-B64A-C0F3339218BE}.Release|x86.Build.0 = Release|Any CPU
		{97916A0A-9C3A-4740-87FB-8C7E766ED968}.Debug|Any CPU.ActiveCfg = Debug|Any CPU
		{97916A0A-9C3A-4740-87FB-8C7E766ED968}.Debug|Any CPU.Build.0 = Debug|Any CPU
		{97916A0A-9C3A-4740-87FB-8C7E766ED968}.Debug|x64.ActiveCfg = Debug|Any CPU
		{97916A0A-9C3A-4740-87FB-8C7E766ED968}.Debug|x64.Build.0 = Debug|Any CPU
		{97916A0A-9C3A-4740-87FB-8C7E766ED968}.Debug|x86.ActiveCfg = Debug|Any CPU
		{97916A0A-9C3A-4740-87FB-8C7E766ED968}.Debug|x86.Build.0 = Debug|Any CPU
		{97916A0A-9C3A-4740-87FB-8C7E766ED968}.Release|Any CPU.ActiveCfg = Release|Any CPU
		{97916A0A-9C3A-4740-87FB-8C7E766ED968}.Release|Any CPU.Build.0 = Release|Any CPU
		{97916A0A-9C3A-4740-87FB-8C7E766ED968}.Release|x64.ActiveCfg = Release|Any CPU
		{97916A0A-9C3A-4740-87FB-8C7E766ED968}.Release|x64.Build.0 = Release|Any CPU
		{97916A0A-9C3A-4740-87FB-8C7E766ED968}.Release|x86.ActiveCfg = Release|Any CPU
		{97916A0A-9C3A-4740-87FB-8C7E766ED968}.Release|x86.Build.0 = Release|Any CPU
	EndGlobalSection
	GlobalSection(SolutionProperties) = preSolution
		HideSolutionNode = FALSE
	EndGlobalSection
EndGlobal
